// !$*UTF8*$!
{
	archiveVersion = 1;
	classes = {
	};
	objectVersion = 50;
	objects = {

/* Begin PBXBuildFile section */
		124C8F756FF578DD79938404 /* Pods_CitiMoLife.framework in Frameworks */ = {isa = PBXBuildFile; fileRef = 264243853DE4E5E200B6A1B7 /* Pods_CitiMoLife.framework */; };
		2A0BDDB821731CF400655CEF /* CityModel.swift in Sources */ = {isa = PBXBuildFile; fileRef = 2A0BDDB721731CF400655CEF /* CityModel.swift */; };
		2A5A889E216BA63700F6E14F /* FoodModel.swift in Sources */ = {isa = PBXBuildFile; fileRef = 2A5A889D216BA63700F6E14F /* FoodModel.swift */; };
		2A5A88A0216BA78C00F6E14F /* FoodCell.swift in Sources */ = {isa = PBXBuildFile; fileRef = 2A5A889F216BA78C00F6E14F /* FoodCell.swift */; };
		2A5A88A42171D1EA00F6E14F /* FlightViewController.swift in Sources */ = {isa = PBXBuildFile; fileRef = 2A5A88A32171D1EA00F6E14F /* FlightViewController.swift */; };
		2A5A88A72171D4C100F6E14F /* HotCityCell.swift in Sources */ = {isa = PBXBuildFile; fileRef = 2A5A88A62171D4C100F6E14F /* HotCityCell.swift */; };
		2A5A88A92171DB1300F6E14F /* HotCityViewController.swift in Sources */ = {isa = PBXBuildFile; fileRef = 2A5A88A82171DB1300F6E14F /* HotCityViewController.swift */; };
		2A5A88AD2171DF1000F6E14F /* FlightSearchViewController.swift in Sources */ = {isa = PBXBuildFile; fileRef = 2A5A88AC2171DF1000F6E14F /* FlightSearchViewController.swift */; };
		2A5A88B02171EB9600F6E14F /* Color.swift in Sources */ = {isa = PBXBuildFile; fileRef = 2A5A88AF2171EB9600F6E14F /* Color.swift */; };
		2ABA3577217347AB00E0CFF0 /* NetworkUtil.swift in Sources */ = {isa = PBXBuildFile; fileRef = 2ABA3576217347AB00E0CFF0 /* NetworkUtil.swift */; };
		2ABA357921735A5700E0CFF0 /* FlightSearchView.swift in Sources */ = {isa = PBXBuildFile; fileRef = 2ABA357821735A5700E0CFF0 /* FlightSearchView.swift */; };
		2ABA357B2173757D00E0CFF0 /* CityDetailViewController.swift in Sources */ = {isa = PBXBuildFile; fileRef = 2ABA357A2173757D00E0CFF0 /* CityDetailViewController.swift */; };
		2AC1FBDA216267970082C421 /* AppDelegate.swift in Sources */ = {isa = PBXBuildFile; fileRef = 2AC1FBD9216267970082C421 /* AppDelegate.swift */; };
		2AC1FBDC216267980082C421 /* MainViewController.swift in Sources */ = {isa = PBXBuildFile; fileRef = 2AC1FBDB216267980082C421 /* MainViewController.swift */; };
		2AC1FBDF216267980082C421 /* Main.storyboard in Resources */ = {isa = PBXBuildFile; fileRef = 2AC1FBDD216267980082C421 /* Main.storyboard */; };
		2AC1FBE12162679A0082C421 /* Assets.xcassets in Resources */ = {isa = PBXBuildFile; fileRef = 2AC1FBE02162679A0082C421 /* Assets.xcassets */; };
		2AC1FBE42162679A0082C421 /* LaunchScreen.storyboard in Resources */ = {isa = PBXBuildFile; fileRef = 2AC1FBE22162679A0082C421 /* LaunchScreen.storyboard */; };
		2AC1FBEF2162679B0082C421 /* CitiMoLifeTests.swift in Sources */ = {isa = PBXBuildFile; fileRef = 2AC1FBEE2162679B0082C421 /* CitiMoLifeTests.swift */; };
		2AC1FBFA2162679B0082C421 /* CitiMoLifeUITests.swift in Sources */ = {isa = PBXBuildFile; fileRef = 2AC1FBF92162679B0082C421 /* CitiMoLifeUITests.swift */; };
		2AC1FC0B216268980082C421 /* CommonDefine.swift in Sources */ = {isa = PBXBuildFile; fileRef = 2AC1FC0A216268980082C421 /* CommonDefine.swift */; };
		2AC1FC0D216268E40082C421 /* Util.swift in Sources */ = {isa = PBXBuildFile; fileRef = 2AC1FC0C216268E40082C421 /* Util.swift */; };
		2AC1FC1721650AC80082C421 /* MenuItemModel.swift in Sources */ = {isa = PBXBuildFile; fileRef = 2AC1FC1621650AC80082C421 /* MenuItemModel.swift */; };
		2AC1FC1A21650B6A0082C421 /* MenuItemCell.swift in Sources */ = {isa = PBXBuildFile; fileRef = 2AC1FC1921650B6A0082C421 /* MenuItemCell.swift */; };
		2AC39206217786850070598F /* PreLoginViewController.swift in Sources */ = {isa = PBXBuildFile; fileRef = 2AC39205217786850070598F /* PreLoginViewController.swift */; };
/* End PBXBuildFile section */

/* Begin PBXContainerItemProxy section */
		2AC1FBEB2162679B0082C421 /* PBXContainerItemProxy */ = {
			isa = PBXContainerItemProxy;
			containerPortal = 2AC1FBCE216267970082C421 /* Project object */;
			proxyType = 1;
			remoteGlobalIDString = 2AC1FBD5216267970082C421;
			remoteInfo = CitiMoLife;
		};
		2AC1FBF62162679B0082C421 /* PBXContainerItemProxy */ = {
			isa = PBXContainerItemProxy;
			containerPortal = 2AC1FBCE216267970082C421 /* Project object */;
			proxyType = 1;
			remoteGlobalIDString = 2AC1FBD5216267970082C421;
			remoteInfo = CitiMoLife;
		};
/* End PBXContainerItemProxy section */

/* Begin PBXFileReference section */
		06AFBD525349A362061D515E /* Pods-CitiMoLife.debug.xcconfig */ = {isa = PBXFileReference; includeInIndex = 1; lastKnownFileType = text.xcconfig; name = "Pods-CitiMoLife.debug.xcconfig"; path = "Pods/Target Support Files/Pods-CitiMoLife/Pods-CitiMoLife.debug.xcconfig"; sourceTree = "<group>"; };
		264243853DE4E5E200B6A1B7 /* Pods_CitiMoLife.framework */ = {isa = PBXFileReference; explicitFileType = wrapper.framework; includeInIndex = 0; path = Pods_CitiMoLife.framework; sourceTree = BUILT_PRODUCTS_DIR; };
		2A0BDDB721731CF400655CEF /* CityModel.swift */ = {isa = PBXFileReference; lastKnownFileType = sourcecode.swift; path = CityModel.swift; sourceTree = "<group>"; };
		2A5A889D216BA63700F6E14F /* FoodModel.swift */ = {isa = PBXFileReference; lastKnownFileType = sourcecode.swift; path = FoodModel.swift; sourceTree = "<group>"; };
		2A5A889F216BA78C00F6E14F /* FoodCell.swift */ = {isa = PBXFileReference; lastKnownFileType = sourcecode.swift; path = FoodCell.swift; sourceTree = "<group>"; };
		2A5A88A32171D1EA00F6E14F /* FlightViewController.swift */ = {isa = PBXFileReference; lastKnownFileType = sourcecode.swift; path = FlightViewController.swift; sourceTree = "<group>"; };
		2A5A88A62171D4C100F6E14F /* HotCityCell.swift */ = {isa = PBXFileReference; lastKnownFileType = sourcecode.swift; path = HotCityCell.swift; sourceTree = "<group>"; };
		2A5A88A82171DB1300F6E14F /* HotCityViewController.swift */ = {isa = PBXFileReference; lastKnownFileType = sourcecode.swift; path = HotCityViewController.swift; sourceTree = "<group>"; };
		2A5A88AC2171DF1000F6E14F /* FlightSearchViewController.swift */ = {isa = PBXFileReference; lastKnownFileType = sourcecode.swift; path = FlightSearchViewController.swift; sourceTree = "<group>"; };
		2A5A88AF2171EB9600F6E14F /* Color.swift */ = {isa = PBXFileReference; lastKnownFileType = sourcecode.swift; path = Color.swift; sourceTree = "<group>"; };
		2ABA3576217347AB00E0CFF0 /* NetworkUtil.swift */ = {isa = PBXFileReference; lastKnownFileType = sourcecode.swift; path = NetworkUtil.swift; sourceTree = "<group>"; };
		2ABA357821735A5700E0CFF0 /* FlightSearchView.swift */ = {isa = PBXFileReference; lastKnownFileType = sourcecode.swift; path = FlightSearchView.swift; sourceTree = "<group>"; };
		2ABA357A2173757D00E0CFF0 /* CityDetailViewController.swift */ = {isa = PBXFileReference; lastKnownFileType = sourcecode.swift; path = CityDetailViewController.swift; sourceTree = "<group>"; };
		2AC1FBD6216267970082C421 /* CitiMoLife.app */ = {isa = PBXFileReference; explicitFileType = wrapper.application; includeInIndex = 0; path = CitiMoLife.app; sourceTree = BUILT_PRODUCTS_DIR; };
		2AC1FBD9216267970082C421 /* AppDelegate.swift */ = {isa = PBXFileReference; lastKnownFileType = sourcecode.swift; path = AppDelegate.swift; sourceTree = "<group>"; };
		2AC1FBDB216267980082C421 /* MainViewController.swift */ = {isa = PBXFileReference; fileEncoding = 4; lastKnownFileType = sourcecode.swift; path = MainViewController.swift; sourceTree = "<group>"; };
		2AC1FBDE216267980082C421 /* Base */ = {isa = PBXFileReference; lastKnownFileType = file.storyboard; name = Base; path = Base.lproj/Main.storyboard; sourceTree = "<group>"; };
		2AC1FBE02162679A0082C421 /* Assets.xcassets */ = {isa = PBXFileReference; lastKnownFileType = folder.assetcatalog; path = Assets.xcassets; sourceTree = "<group>"; };
		2AC1FBE32162679A0082C421 /* Base */ = {isa = PBXFileReference; lastKnownFileType = file.storyboard; name = Base; path = Base.lproj/LaunchScreen.storyboard; sourceTree = "<group>"; };
		2AC1FBE52162679A0082C421 /* Info.plist */ = {isa = PBXFileReference; lastKnownFileType = text.plist.xml; path = Info.plist; sourceTree = "<group>"; };
		2AC1FBEA2162679B0082C421 /* CitiMoLifeTests.xctest */ = {isa = PBXFileReference; explicitFileType = wrapper.cfbundle; includeInIndex = 0; path = CitiMoLifeTests.xctest; sourceTree = BUILT_PRODUCTS_DIR; };
		2AC1FBEE2162679B0082C421 /* CitiMoLifeTests.swift */ = {isa = PBXFileReference; lastKnownFileType = sourcecode.swift; path = CitiMoLifeTests.swift; sourceTree = "<group>"; };
		2AC1FBF02162679B0082C421 /* Info.plist */ = {isa = PBXFileReference; lastKnownFileType = text.plist.xml; path = Info.plist; sourceTree = "<group>"; };
		2AC1FBF52162679B0082C421 /* CitiMoLifeUITests.xctest */ = {isa = PBXFileReference; explicitFileType = wrapper.cfbundle; includeInIndex = 0; path = CitiMoLifeUITests.xctest; sourceTree = BUILT_PRODUCTS_DIR; };
		2AC1FBF92162679B0082C421 /* CitiMoLifeUITests.swift */ = {isa = PBXFileReference; lastKnownFileType = sourcecode.swift; path = CitiMoLifeUITests.swift; sourceTree = "<group>"; };
		2AC1FBFB2162679B0082C421 /* Info.plist */ = {isa = PBXFileReference; lastKnownFileType = text.plist.xml; path = Info.plist; sourceTree = "<group>"; };
		2AC1FC0A216268980082C421 /* CommonDefine.swift */ = {isa = PBXFileReference; lastKnownFileType = sourcecode.swift; path = CommonDefine.swift; sourceTree = "<group>"; };
		2AC1FC0C216268E40082C421 /* Util.swift */ = {isa = PBXFileReference; lastKnownFileType = sourcecode.swift; path = Util.swift; sourceTree = "<group>"; };
		2AC1FC1621650AC80082C421 /* MenuItemModel.swift */ = {isa = PBXFileReference; lastKnownFileType = sourcecode.swift; path = MenuItemModel.swift; sourceTree = "<group>"; };
		2AC1FC1921650B6A0082C421 /* MenuItemCell.swift */ = {isa = PBXFileReference; lastKnownFileType = sourcecode.swift; path = MenuItemCell.swift; sourceTree = "<group>"; };
		2AC39205217786850070598F /* PreLoginViewController.swift */ = {isa = PBXFileReference; lastKnownFileType = sourcecode.swift; path = PreLoginViewController.swift; sourceTree = "<group>"; };
		E5208CE4E845DD67CE80BF99 /* Pods-CitiMoLife.release.xcconfig */ = {isa = PBXFileReference; includeInIndex = 1; lastKnownFileType = text.xcconfig; name = "Pods-CitiMoLife.release.xcconfig"; path = "Pods/Target Support Files/Pods-CitiMoLife/Pods-CitiMoLife.release.xcconfig"; sourceTree = "<group>"; };
/* End PBXFileReference section */

/* Begin PBXFrameworksBuildPhase section */
		2AC1FBD3216267970082C421 /* Frameworks */ = {
			isa = PBXFrameworksBuildPhase;
			buildActionMask = 2147483647;
			files = (
				124C8F756FF578DD79938404 /* Pods_CitiMoLife.framework in Frameworks */,
			);
			runOnlyForDeploymentPostprocessing = 0;
		};
		2AC1FBE72162679B0082C421 /* Frameworks */ = {
			isa = PBXFrameworksBuildPhase;
			buildActionMask = 2147483647;
			files = (
			);
			runOnlyForDeploymentPostprocessing = 0;
		};
		2AC1FBF22162679B0082C421 /* Frameworks */ = {
			isa = PBXFrameworksBuildPhase;
			buildActionMask = 2147483647;
			files = (
			);
			runOnlyForDeploymentPostprocessing = 0;
		};
/* End PBXFrameworksBuildPhase section */

/* Begin PBXGroup section */
		2A0BDDB621731CDF00655CEF /* Model */ = {
			isa = PBXGroup;
			children = (
				2A0BDDB721731CF400655CEF /* CityModel.swift */,
			);
			path = Model;
			sourceTree = "<group>";
		};
		2A5A8899216BA26800F6E14F /* Food */ = {
			isa = PBXGroup;
			children = (
				2A5A889C216BA5F300F6E14F /* Controller */,
				2A5A889B216BA5E200F6E14F /* View */,
				2A5A889A216BA5D500F6E14F /* Model */,
			);
			path = Food;
			sourceTree = "<group>";
		};
		2A5A889A216BA5D500F6E14F /* Model */ = {
			isa = PBXGroup;
			children = (
				2A5A889D216BA63700F6E14F /* FoodModel.swift */,
			);
			path = Model;
			sourceTree = "<group>";
		};
		2A5A889B216BA5E200F6E14F /* View */ = {
			isa = PBXGroup;
			children = (
				2A5A889F216BA78C00F6E14F /* FoodCell.swift */,
			);
			path = View;
			sourceTree = "<group>";
		};
		2A5A889C216BA5F300F6E14F /* Controller */ = {
			isa = PBXGroup;
			children = (
			);
			path = Controller;
			sourceTree = "<group>";
		};
		2A5A88A12171D18B00F6E14F /* Flight */ = {
			isa = PBXGroup;
			children = (
				2A0BDDB621731CDF00655CEF /* Model */,
				2A5A88A52171D49F00F6E14F /* View */,
				2A5A88A22171D1AE00F6E14F /* Controller */,
			);
			path = Flight;
			sourceTree = "<group>";
		};
		2A5A88A22171D1AE00F6E14F /* Controller */ = {
			isa = PBXGroup;
			children = (
				2A5A88A32171D1EA00F6E14F /* FlightViewController.swift */,
				2A5A88A82171DB1300F6E14F /* HotCityViewController.swift */,
				2A5A88AC2171DF1000F6E14F /* FlightSearchViewController.swift */,
				2ABA357A2173757D00E0CFF0 /* CityDetailViewController.swift */,
			);
			path = Controller;
			sourceTree = "<group>";
		};
		2A5A88A52171D49F00F6E14F /* View */ = {
			isa = PBXGroup;
			children = (
				2A5A88A62171D4C100F6E14F /* HotCityCell.swift */,
				2ABA357821735A5700E0CFF0 /* FlightSearchView.swift */,
			);
			path = View;
			sourceTree = "<group>";
		};
		2A5A88AE2171EB8100F6E14F /* Extension */ = {
			isa = PBXGroup;
			children = (
				2A5A88AF2171EB9600F6E14F /* Color.swift */,
			);
			path = Extension;
			sourceTree = "<group>";
		};
		2AC1FBCD216267970082C421 = {
			isa = PBXGroup;
			children = (
				2AC1FBD8216267970082C421 /* CitiMoLife */,
				2AC1FBED2162679B0082C421 /* CitiMoLifeTests */,
				2AC1FBF82162679B0082C421 /* CitiMoLifeUITests */,
				2AC1FBD7216267970082C421 /* Products */,
				53F617330F9C50179605D0C2 /* Pods */,
				4A35A93A59FF706FEE44639A /* Frameworks */,
			);
			sourceTree = "<group>";
		};
		2AC1FBD7216267970082C421 /* Products */ = {
			isa = PBXGroup;
			children = (
				2AC1FBD6216267970082C421 /* CitiMoLife.app */,
				2AC1FBEA2162679B0082C421 /* CitiMoLifeTests.xctest */,
				2AC1FBF52162679B0082C421 /* CitiMoLifeUITests.xctest */,
			);
			name = Products;
			sourceTree = "<group>";
		};
		2AC1FBD8216267970082C421 /* CitiMoLife */ = {
			isa = PBXGroup;
			children = (
				2A5A88AE2171EB8100F6E14F /* Extension */,
				2A5A88A12171D18B00F6E14F /* Flight */,
				2A5A8899216BA26800F6E14F /* Food */,
				2AC1FC09216268630082C421 /* Common */,
				2AC1FC07216267C40082C421 /* Menu */,
				2AC1FBD9216267970082C421 /* AppDelegate.swift */,
				2AC1FBDB216267980082C421 /* MainViewController.swift */,
				2AC1FBDD216267980082C421 /* Main.storyboard */,
				2AC1FBE02162679A0082C421 /* Assets.xcassets */,
				2AC1FBE22162679A0082C421 /* LaunchScreen.storyboard */,
				2AC1FBE52162679A0082C421 /* Info.plist */,
				2AC39205217786850070598F /* PreLoginViewController.swift */,
			);
			path = CitiMoLife;
			sourceTree = "<group>";
		};
		2AC1FBED2162679B0082C421 /* CitiMoLifeTests */ = {
			isa = PBXGroup;
			children = (
				2AC1FBEE2162679B0082C421 /* CitiMoLifeTests.swift */,
				2AC1FBF02162679B0082C421 /* Info.plist */,
			);
			path = CitiMoLifeTests;
			sourceTree = "<group>";
		};
		2AC1FBF82162679B0082C421 /* CitiMoLifeUITests */ = {
			isa = PBXGroup;
			children = (
				2AC1FBF92162679B0082C421 /* CitiMoLifeUITests.swift */,
				2AC1FBFB2162679B0082C421 /* Info.plist */,
			);
			path = CitiMoLifeUITests;
			sourceTree = "<group>";
		};
		2AC1FC07216267C40082C421 /* Menu */ = {
			isa = PBXGroup;
			children = (
				2AC1FC1821650B530082C421 /* View */,
				2AC1FC1521650A930082C421 /* Model */,
			);
			path = Menu;
			sourceTree = "<group>";
		};
		2AC1FC09216268630082C421 /* Common */ = {
			isa = PBXGroup;
			children = (
				2AC1FC0A216268980082C421 /* CommonDefine.swift */,
				2AC1FC0C216268E40082C421 /* Util.swift */,
				2ABA3576217347AB00E0CFF0 /* NetworkUtil.swift */,
			);
			path = Common;
			sourceTree = "<group>";
		};
		2AC1FC1521650A930082C421 /* Model */ = {
			isa = PBXGroup;
			children = (
				2AC1FC1621650AC80082C421 /* MenuItemModel.swift */,
			);
			path = Model;
			sourceTree = "<group>";
		};
		2AC1FC1821650B530082C421 /* View */ = {
			isa = PBXGroup;
			children = (
				2AC1FC1921650B6A0082C421 /* MenuItemCell.swift */,
			);
			path = View;
			sourceTree = "<group>";
		};
		4A35A93A59FF706FEE44639A /* Frameworks */ = {
			isa = PBXGroup;
			children = (
				264243853DE4E5E200B6A1B7 /* Pods_CitiMoLife.framework */,
			);
			name = Frameworks;
			sourceTree = "<group>";
		};
		53F617330F9C50179605D0C2 /* Pods */ = {
			isa = PBXGroup;
			children = (
				06AFBD525349A362061D515E /* Pods-CitiMoLife.debug.xcconfig */,
				E5208CE4E845DD67CE80BF99 /* Pods-CitiMoLife.release.xcconfig */,
			);
			name = Pods;
			sourceTree = "<group>";
		};
/* End PBXGroup section */

/* Begin PBXNativeTarget section */
		2AC1FBD5216267970082C421 /* CitiMoLife */ = {
			isa = PBXNativeTarget;
			buildConfigurationList = 2AC1FBFE2162679B0082C421 /* Build configuration list for PBXNativeTarget "CitiMoLife" */;
			buildPhases = (
				4E97FEFC071597FF696970BF /* [CP] Check Pods Manifest.lock */,
				2AC1FBD2216267970082C421 /* Sources */,
				2AC1FBD3216267970082C421 /* Frameworks */,
				2AC1FBD4216267970082C421 /* Resources */,
				CCCC7B384D830CF3C120C571 /* [CP] Embed Pods Frameworks */,
			);
			buildRules = (
			);
			dependencies = (
			);
			name = CitiMoLife;
			productName = CitiMoLife;
			productReference = 2AC1FBD6216267970082C421 /* CitiMoLife.app */;
			productType = "com.apple.product-type.application";
		};
		2AC1FBE92162679B0082C421 /* CitiMoLifeTests */ = {
			isa = PBXNativeTarget;
			buildConfigurationList = 2AC1FC012162679B0082C421 /* Build configuration list for PBXNativeTarget "CitiMoLifeTests" */;
			buildPhases = (
				2AC1FBE62162679B0082C421 /* Sources */,
				2AC1FBE72162679B0082C421 /* Frameworks */,
				2AC1FBE82162679B0082C421 /* Resources */,
			);
			buildRules = (
			);
			dependencies = (
				2AC1FBEC2162679B0082C421 /* PBXTargetDependency */,
			);
			name = CitiMoLifeTests;
			productName = CitiMoLifeTests;
			productReference = 2AC1FBEA2162679B0082C421 /* CitiMoLifeTests.xctest */;
			productType = "com.apple.product-type.bundle.unit-test";
		};
		2AC1FBF42162679B0082C421 /* CitiMoLifeUITests */ = {
			isa = PBXNativeTarget;
			buildConfigurationList = 2AC1FC042162679B0082C421 /* Build configuration list for PBXNativeTarget "CitiMoLifeUITests" */;
			buildPhases = (
				2AC1FBF12162679B0082C421 /* Sources */,
				2AC1FBF22162679B0082C421 /* Frameworks */,
				2AC1FBF32162679B0082C421 /* Resources */,
			);
			buildRules = (
			);
			dependencies = (
				2AC1FBF72162679B0082C421 /* PBXTargetDependency */,
			);
			name = CitiMoLifeUITests;
			productName = CitiMoLifeUITests;
			productReference = 2AC1FBF52162679B0082C421 /* CitiMoLifeUITests.xctest */;
			productType = "com.apple.product-type.bundle.ui-testing";
		};
/* End PBXNativeTarget section */

/* Begin PBXProject section */
		2AC1FBCE216267970082C421 /* Project object */ = {
			isa = PBXProject;
			attributes = {
				LastSwiftUpdateCheck = 1000;
				LastUpgradeCheck = 1000;
				ORGANIZATIONNAME = tiny;
				TargetAttributes = {
					2AC1FBD5216267970082C421 = {
						CreatedOnToolsVersion = 10.0;
					};
					2AC1FBE92162679B0082C421 = {
						CreatedOnToolsVersion = 10.0;
						TestTargetID = 2AC1FBD5216267970082C421;
					};
					2AC1FBF42162679B0082C421 = {
						CreatedOnToolsVersion = 10.0;
						TestTargetID = 2AC1FBD5216267970082C421;
					};
				};
			};
			buildConfigurationList = 2AC1FBD1216267970082C421 /* Build configuration list for PBXProject "CitiMoLife" */;
			compatibilityVersion = "Xcode 9.3";
			developmentRegion = en;
			hasScannedForEncodings = 0;
			knownRegions = (
				en,
				Base,
			);
			mainGroup = 2AC1FBCD216267970082C421;
			productRefGroup = 2AC1FBD7216267970082C421 /* Products */;
			projectDirPath = "";
			projectRoot = "";
			targets = (
				2AC1FBD5216267970082C421 /* CitiMoLife */,
				2AC1FBE92162679B0082C421 /* CitiMoLifeTests */,
				2AC1FBF42162679B0082C421 /* CitiMoLifeUITests */,
			);
		};
/* End PBXProject section */

/* Begin PBXResourcesBuildPhase section */
		2AC1FBD4216267970082C421 /* Resources */ = {
			isa = PBXResourcesBuildPhase;
			buildActionMask = 2147483647;
			files = (
				2AC1FBE42162679A0082C421 /* LaunchScreen.storyboard in Resources */,
				2AC1FBE12162679A0082C421 /* Assets.xcassets in Resources */,
				2AC1FBDF216267980082C421 /* Main.storyboard in Resources */,
			);
			runOnlyForDeploymentPostprocessing = 0;
		};
		2AC1FBE82162679B0082C421 /* Resources */ = {
			isa = PBXResourcesBuildPhase;
			buildActionMask = 2147483647;
			files = (
			);
			runOnlyForDeploymentPostprocessing = 0;
		};
		2AC1FBF32162679B0082C421 /* Resources */ = {
			isa = PBXResourcesBuildPhase;
			buildActionMask = 2147483647;
			files = (
			);
			runOnlyForDeploymentPostprocessing = 0;
		};
/* End PBXResourcesBuildPhase section */

/* Begin PBXShellScriptBuildPhase section */
		4E97FEFC071597FF696970BF /* [CP] Check Pods Manifest.lock */ = {
			isa = PBXShellScriptBuildPhase;
			buildActionMask = 2147483647;
			files = (
			);
			inputFileListPaths = (
			);
			inputPaths = (
				"${PODS_PODFILE_DIR_PATH}/Podfile.lock",
				"${PODS_ROOT}/Manifest.lock",
			);
			name = "[CP] Check Pods Manifest.lock";
			outputFileListPaths = (
			);
			outputPaths = (
				"$(DERIVED_FILE_DIR)/Pods-CitiMoLife-checkManifestLockResult.txt",
			);
			runOnlyForDeploymentPostprocessing = 0;
			shellPath = /bin/sh;
			shellScript = "diff \"${PODS_PODFILE_DIR_PATH}/Podfile.lock\" \"${PODS_ROOT}/Manifest.lock\" > /dev/null\nif [ $? != 0 ] ; then\n    # print error to STDERR\n    echo \"error: The sandbox is not in sync with the Podfile.lock. Run 'pod install' or update your CocoaPods installation.\" >&2\n    exit 1\nfi\n# This output is used by Xcode 'outputs' to avoid re-running this script phase.\necho \"SUCCESS\" > \"${SCRIPT_OUTPUT_FILE_0}\"\n";
			showEnvVarsInLog = 0;
		};
		CCCC7B384D830CF3C120C571 /* [CP] Embed Pods Frameworks */ = {
			isa = PBXShellScriptBuildPhase;
			buildActionMask = 2147483647;
			files = (
			);
			inputFileListPaths = (
			);
			inputPaths = (
				"${SRCROOT}/Pods/Target Support Files/Pods-CitiMoLife/Pods-CitiMoLife-frameworks.sh",
				"${BUILT_PRODUCTS_DIR}/Alamofire/Alamofire.framework",
				"${BUILT_PRODUCTS_DIR}/SwiftyJSON/SwiftyJSON.framework",
			);
			name = "[CP] Embed Pods Frameworks";
			outputFileListPaths = (
			);
			outputPaths = (
				"${TARGET_BUILD_DIR}/${FRAMEWORKS_FOLDER_PATH}/Alamofire.framework",
				"${TARGET_BUILD_DIR}/${FRAMEWORKS_FOLDER_PATH}/SwiftyJSON.framework",
			);
			runOnlyForDeploymentPostprocessing = 0;
			shellPath = /bin/sh;
			shellScript = "\"${SRCROOT}/Pods/Target Support Files/Pods-CitiMoLife/Pods-CitiMoLife-frameworks.sh\"\n";
			showEnvVarsInLog = 0;
		};
/* End PBXShellScriptBuildPhase section */

/* Begin PBXSourcesBuildPhase section */
		2AC1FBD2216267970082C421 /* Sources */ = {
			isa = PBXSourcesBuildPhase;
			buildActionMask = 2147483647;
			files = (
				2AC1FBDC216267980082C421 /* MainViewController.swift in Sources */,
				2AC1FBDA216267970082C421 /* AppDelegate.swift in Sources */,
				2AC1FC1721650AC80082C421 /* MenuItemModel.swift in Sources */,
				2A5A88A42171D1EA00F6E14F /* FlightViewController.swift in Sources */,
				2AC1FC1A21650B6A0082C421 /* MenuItemCell.swift in Sources */,
				2A0BDDB821731CF400655CEF /* CityModel.swift in Sources */,
				2A5A88A72171D4C100F6E14F /* HotCityCell.swift in Sources */,
				2A5A88A92171DB1300F6E14F /* HotCityViewController.swift in Sources */,
				2A5A88AD2171DF1000F6E14F /* FlightSearchViewController.swift in Sources */,
				2A5A889E216BA63700F6E14F /* FoodModel.swift in Sources */,
				2A5A88B02171EB9600F6E14F /* Color.swift in Sources */,
				2ABA357921735A5700E0CFF0 /* FlightSearchView.swift in Sources */,
				2AC39206217786850070598F /* PreLoginViewController.swift in Sources */,
				2AC1FC0B216268980082C421 /* CommonDefine.swift in Sources */,
				2ABA3577217347AB00E0CFF0 /* NetworkUtil.swift in Sources */,
				2A5A88A0216BA78C00F6E14F /* FoodCell.swift in Sources */,
				2AC1FC0D216268E40082C421 /* Util.swift in Sources */,
				2ABA357B2173757D00E0CFF0 /* CityDetailViewController.swift in Sources */,
			);
			runOnlyForDeploymentPostprocessing = 0;
		};
		2AC1FBE62162679B0082C421 /* Sources */ = {
			isa = PBXSourcesBuildPhase;
			buildActionMask = 2147483647;
			files = (
				2AC1FBEF2162679B0082C421 /* CitiMoLifeTests.swift in Sources */,
			);
			runOnlyForDeploymentPostprocessing = 0;
		};
		2AC1FBF12162679B0082C421 /* Sources */ = {
			isa = PBXSourcesBuildPhase;
			buildActionMask = 2147483647;
			files = (
				2AC1FBFA2162679B0082C421 /* CitiMoLifeUITests.swift in Sources */,
			);
			runOnlyForDeploymentPostprocessing = 0;
		};
/* End PBXSourcesBuildPhase section */

/* Begin PBXTargetDependency section */
		2AC1FBEC2162679B0082C421 /* PBXTargetDependency */ = {
			isa = PBXTargetDependency;
			target = 2AC1FBD5216267970082C421 /* CitiMoLife */;
			targetProxy = 2AC1FBEB2162679B0082C421 /* PBXContainerItemProxy */;
		};
		2AC1FBF72162679B0082C421 /* PBXTargetDependency */ = {
			isa = PBXTargetDependency;
			target = 2AC1FBD5216267970082C421 /* CitiMoLife */;
			targetProxy = 2AC1FBF62162679B0082C421 /* PBXContainerItemProxy */;
		};
/* End PBXTargetDependency section */

/* Begin PBXVariantGroup section */
		2AC1FBDD216267980082C421 /* Main.storyboard */ = {
			isa = PBXVariantGroup;
			children = (
				2AC1FBDE216267980082C421 /* Base */,
			);
			name = Main.storyboard;
			sourceTree = "<group>";
		};
		2AC1FBE22162679A0082C421 /* LaunchScreen.storyboard */ = {
			isa = PBXVariantGroup;
			children = (
				2AC1FBE32162679A0082C421 /* Base */,
			);
			name = LaunchScreen.storyboard;
			sourceTree = "<group>";
		};
/* End PBXVariantGroup section */

/* Begin XCBuildConfiguration section */
		2AC1FBFC2162679B0082C421 /* Debug */ = {
			isa = XCBuildConfiguration;
			buildSettings = {
				ALWAYS_SEARCH_USER_PATHS = NO;
				CLANG_ANALYZER_NONNULL = YES;
				CLANG_ANALYZER_NUMBER_OBJECT_CONVERSION = YES_AGGRESSIVE;
				CLANG_CXX_LANGUAGE_STANDARD = "gnu++14";
				CLANG_CXX_LIBRARY = "libc++";
				CLANG_ENABLE_MODULES = YES;
				CLANG_ENABLE_OBJC_ARC = YES;
				CLANG_ENABLE_OBJC_WEAK = YES;
				CLANG_WARN_BLOCK_CAPTURE_AUTORELEASING = YES;
				CLANG_WARN_BOOL_CONVERSION = YES;
				CLANG_WARN_COMMA = YES;
				CLANG_WARN_CONSTANT_CONVERSION = YES;
				CLANG_WARN_DEPRECATED_OBJC_IMPLEMENTATIONS = YES;
				CLANG_WARN_DIRECT_OBJC_ISA_USAGE = YES_ERROR;
				CLANG_WARN_DOCUMENTATION_COMMENTS = YES;
				CLANG_WARN_EMPTY_BODY = YES;
				CLANG_WARN_ENUM_CONVERSION = YES;
				CLANG_WARN_INFINITE_RECURSION = YES;
				CLANG_WARN_INT_CONVERSION = YES;
				CLANG_WARN_NON_LITERAL_NULL_CONVERSION = YES;
				CLANG_WARN_OBJC_IMPLICIT_RETAIN_SELF = YES;
				CLANG_WARN_OBJC_LITERAL_CONVERSION = YES;
				CLANG_WARN_OBJC_ROOT_CLASS = YES_ERROR;
				CLANG_WARN_RANGE_LOOP_ANALYSIS = YES;
				CLANG_WARN_STRICT_PROTOTYPES = YES;
				CLANG_WARN_SUSPICIOUS_MOVE = YES;
				CLANG_WARN_UNGUARDED_AVAILABILITY = YES_AGGRESSIVE;
				CLANG_WARN_UNREACHABLE_CODE = YES;
				CLANG_WARN__DUPLICATE_METHOD_MATCH = YES;
				CODE_SIGN_IDENTITY = "iPhone Developer";
				COPY_PHASE_STRIP = NO;
				DEBUG_INFORMATION_FORMAT = dwarf;
				ENABLE_STRICT_OBJC_MSGSEND = YES;
				ENABLE_TESTABILITY = YES;
				GCC_C_LANGUAGE_STANDARD = gnu11;
				GCC_DYNAMIC_NO_PIC = NO;
				GCC_NO_COMMON_BLOCKS = YES;
				GCC_OPTIMIZATION_LEVEL = 0;
				GCC_PREPROCESSOR_DEFINITIONS = (
					"DEBUG=1",
					"$(inherited)",
				);
				GCC_WARN_64_TO_32_BIT_CONVERSION = YES;
				GCC_WARN_ABOUT_RETURN_TYPE = YES_ERROR;
				GCC_WARN_UNDECLARED_SELECTOR = YES;
				GCC_WARN_UNINITIALIZED_AUTOS = YES_AGGRESSIVE;
				GCC_WARN_UNUSED_FUNCTION = YES;
				GCC_WARN_UNUSED_VARIABLE = YES;
				IPHONEOS_DEPLOYMENT_TARGET = 12.0;
				MTL_ENABLE_DEBUG_INFO = INCLUDE_SOURCE;
				MTL_FAST_MATH = YES;
				ONLY_ACTIVE_ARCH = YES;
				SDKROOT = iphoneos;
				SWIFT_ACTIVE_COMPILATION_CONDITIONS = DEBUG;
				SWIFT_OPTIMIZATION_LEVEL = "-Onone";
			};
			name = Debug;
		};
		2AC1FBFD2162679B0082C421 /* Release */ = {
			isa = XCBuildConfiguration;
			buildSettings = {
				ALWAYS_SEARCH_USER_PATHS = NO;
				CLANG_ANALYZER_NONNULL = YES;
				CLANG_ANALYZER_NUMBER_OBJECT_CONVERSION = YES_AGGRESSIVE;
				CLANG_CXX_LANGUAGE_STANDARD = "gnu++14";
				CLANG_CXX_LIBRARY = "libc++";
				CLANG_ENABLE_MODULES = YES;
				CLANG_ENABLE_OBJC_ARC = YES;
				CLANG_ENABLE_OBJC_WEAK = YES;
				CLANG_WARN_BLOCK_CAPTURE_AUTORELEASING = YES;
				CLANG_WARN_BOOL_CONVERSION = YES;
				CLANG_WARN_COMMA = YES;
				CLANG_WARN_CONSTANT_CONVERSION = YES;
				CLANG_WARN_DEPRECATED_OBJC_IMPLEMENTATIONS = YES;
				CLANG_WARN_DIRECT_OBJC_ISA_USAGE = YES_ERROR;
				CLANG_WARN_DOCUMENTATION_COMMENTS = YES;
				CLANG_WARN_EMPTY_BODY = YES;
				CLANG_WARN_ENUM_CONVERSION = YES;
				CLANG_WARN_INFINITE_RECURSION = YES;
				CLANG_WARN_INT_CONVERSION = YES;
				CLANG_WARN_NON_LITERAL_NULL_CONVERSION = YES;
				CLANG_WARN_OBJC_IMPLICIT_RETAIN_SELF = YES;
				CLANG_WARN_OBJC_LITERAL_CONVERSION = YES;
				CLANG_WARN_OBJC_ROOT_CLASS = YES_ERROR;
				CLANG_WARN_RANGE_LOOP_ANALYSIS = YES;
				CLANG_WARN_STRICT_PROTOTYPES = YES;
				CLANG_WARN_SUSPICIOUS_MOVE = YES;
				CLANG_WARN_UNGUARDED_AVAILABILITY = YES_AGGRESSIVE;
				CLANG_WARN_UNREACHABLE_CODE = YES;
				CLANG_WARN__DUPLICATE_METHOD_MATCH = YES;
				CODE_SIGN_IDENTITY = "iPhone Developer";
				COPY_PHASE_STRIP = NO;
				DEBUG_INFORMATION_FORMAT = "dwarf-with-dsym";
				ENABLE_NS_ASSERTIONS = NO;
				ENABLE_STRICT_OBJC_MSGSEND = YES;
				GCC_C_LANGUAGE_STANDARD = gnu11;
				GCC_NO_COMMON_BLOCKS = YES;
				GCC_WARN_64_TO_32_BIT_CONVERSION = YES;
				GCC_WARN_ABOUT_RETURN_TYPE = YES_ERROR;
				GCC_WARN_UNDECLARED_SELECTOR = YES;
				GCC_WARN_UNINITIALIZED_AUTOS = YES_AGGRESSIVE;
				GCC_WARN_UNUSED_FUNCTION = YES;
				GCC_WARN_UNUSED_VARIABLE = YES;
				IPHONEOS_DEPLOYMENT_TARGET = 12.0;
				MTL_ENABLE_DEBUG_INFO = NO;
				MTL_FAST_MATH = YES;
				SDKROOT = iphoneos;
				SWIFT_COMPILATION_MODE = wholemodule;
				SWIFT_OPTIMIZATION_LEVEL = "-O";
				VALIDATE_PRODUCT = YES;
			};
			name = Release;
		};
		2AC1FBFF2162679B0082C421 /* Debug */ = {
			isa = XCBuildConfiguration;
			baseConfigurationReference = 06AFBD525349A362061D515E /* Pods-CitiMoLife.debug.xcconfig */;
			buildSettings = {
				ASSETCATALOG_COMPILER_APPICON_NAME = AppIcon;
				CODE_SIGN_STYLE = Automatic;
				DEVELOPMENT_TEAM = 596J96K4CS;
				INFOPLIST_FILE = CitiMoLife/Info.plist;
				IPHONEOS_DEPLOYMENT_TARGET = 12.0;
				LD_RUNPATH_SEARCH_PATHS = (
					"$(inherited)",
					"@executable_path/Frameworks",
				);
				PRODUCT_BUNDLE_IDENTIFIER = com.tiny.CitiMoLife;
				PRODUCT_NAME = "$(TARGET_NAME)";
				SWIFT_VERSION = 4.2;
				TARGETED_DEVICE_FAMILY = "1,2";
			};
			name = Debug;
		};
		2AC1FC002162679B0082C421 /* Release */ = {
			isa = XCBuildConfiguration;
			baseConfigurationReference = E5208CE4E845DD67CE80BF99 /* Pods-CitiMoLife.release.xcconfig */;
			buildSettings = {
				ASSETCATALOG_COMPILER_APPICON_NAME = AppIcon;
				CODE_SIGN_STYLE = Automatic;
				DEVELOPMENT_TEAM = 596J96K4CS;
				INFOPLIST_FILE = CitiMoLife/Info.plist;
				IPHONEOS_DEPLOYMENT_TARGET = 12.0;
				LD_RUNPATH_SEARCH_PATHS = (
					"$(inherited)",
					"@executable_path/Frameworks",
				);
				PRODUCT_BUNDLE_IDENTIFIER = com.tiny.CitiMoLife;
				PRODUCT_NAME = "$(TARGET_NAME)";
				SWIFT_VERSION = 4.2;
				TARGETED_DEVICE_FAMILY = "1,2";
			};
			name = Release;
		};
		2AC1FC022162679B0082C421 /* Debug */ = {
			isa = XCBuildConfiguration;
			buildSettings = {
				ALWAYS_EMBED_SWIFT_STANDARD_LIBRARIES = YES;
				BUNDLE_LOADER = "$(TEST_HOST)";
				CODE_SIGN_STYLE = Automatic;
				INFOPLIST_FILE = CitiMoLifeTests/Info.plist;
				LD_RUNPATH_SEARCH_PATHS = (
					"$(inherited)",
					"@executable_path/Frameworks",
					"@loader_path/Frameworks",
				);
				PRODUCT_BUNDLE_IDENTIFIER = com.tiny.CitiMoLifeTests;
				PRODUCT_NAME = "$(TARGET_NAME)";
				SWIFT_VERSION = 4.2;
				TARGETED_DEVICE_FAMILY = "1,2";
				TEST_HOST = "$(BUILT_PRODUCTS_DIR)/CitiMoLife.app/CitiMoLife";
			};
			name = Debug;
		};
		2AC1FC032162679B0082C421 /* Release */ = {
			isa = XCBuildConfiguration;
			buildSettings = {
				ALWAYS_EMBED_SWIFT_STANDARD_LIBRARIES = YES;
				BUNDLE_LOADER = "$(TEST_HOST)";
				CODE_SIGN_STYLE = Automatic;
				INFOPLIST_FILE = CitiMoLifeTests/Info.plist;
				LD_RUNPATH_SEARCH_PATHS = (
					"$(inherited)",
					"@executable_path/Frameworks",
					"@loader_path/Frameworks",
				);
				PRODUCT_BUNDLE_IDENTIFIER = com.tiny.CitiMoLifeTests;
				PRODUCT_NAME = "$(TARGET_NAME)";
				SWIFT_VERSION = 4.2;
				TARGETED_DEVICE_FAMILY = "1,2";
				TEST_HOST = "$(BUILT_PRODUCTS_DIR)/CitiMoLife.app/CitiMoLife";
			};
			name = Release;
		};
		2AC1FC052162679B0082C421 /* Debug */ = {
			isa = XCBuildConfiguration;
			buildSettings = {
				ALWAYS_EMBED_SWIFT_STANDARD_LIBRARIES = YES;
				CODE_SIGN_STYLE = Automatic;
				INFOPLIST_FILE = CitiMoLifeUITests/Info.plist;
				LD_RUNPATH_SEARCH_PATHS = (
					"$(inherited)",
					"@executable_path/Frameworks",
					"@loader_path/Frameworks",
				);
				PRODUCT_BUNDLE_IDENTIFIER = com.tiny.CitiMoLifeUITests;
				PRODUCT_NAME = "$(TARGET_NAME)";
				SWIFT_VERSION = 4.2;
				TARGETED_DEVICE_FAMILY = "1,2";
				TEST_TARGET_NAME = CitiMoLife;
			};
			name = Debug;
		};
		2AC1FC062162679B0082C421 /* Release */ = {
			isa = XCBuildConfiguration;
			buildSettings = {
				ALWAYS_EMBED_SWIFT_STANDARD_LIBRARIES = YES;
				CODE_SIGN_STYLE = Automatic;
				INFOPLIST_FILE = CitiMoLifeUITests/Info.plist;
				LD_RUNPATH_SEARCH_PATHS = (
					"$(inherited)",
					"@executable_path/Frameworks",
					"@loader_path/Frameworks",
				);
				PRODUCT_BUNDLE_IDENTIFIER = com.tiny.CitiMoLifeUITests;
				PRODUCT_NAME = "$(TARGET_NAME)";
				SWIFT_VERSION = 4.2;
				TARGETED_DEVICE_FAMILY = "1,2";
				TEST_TARGET_NAME = CitiMoLife;
			};
			name = Release;
		};
/* End XCBuildConfiguration section */

/* Begin XCConfigurationList section */
		2AC1FBD1216267970082C421 /* Build configuration list for PBXProject "CitiMoLife" */ = {
			isa = XCConfigurationList;
			buildConfigurations = (
				2AC1FBFC2162679B0082C421 /* Debug */,
				2AC1FBFD2162679B0082C421 /* Release */,
			);
			defaultConfigurationIsVisible = 0;
			defaultConfigurationName = Release;
		};
		2AC1FBFE2162679B0082C421 /* Build configuration list for PBXNativeTarget "CitiMoLife" */ = {
			isa = XCConfigurationList;
			buildConfigurations = (
				2AC1FBFF2162679B0082C421 /* Debug */,
				2AC1FC002162679B0082C421 /* Release */,
			);
			defaultConfigurationIsVisible = 0;
			defaultConfigurationName = Release;
		};
		2AC1FC012162679B0082C421 /* Build configuration list for PBXNativeTarget "CitiMoLifeTests" */ = {
			isa = XCConfigurationList;
			buildConfigurations = (
				2AC1FC022162679B0082C421 /* Debug */,
				2AC1FC032162679B0082C421 /* Release */,
			);
			defaultConfigurationIsVisible = 0;
			defaultConfigurationName = Release;
		};
		2AC1FC042162679B0082C421 /* Build configuration list for PBXNativeTarget "CitiMoLifeUITests" */ = {
			isa = XCConfigurationList;
			buildConfigurations = (
				2AC1FC052162679B0082C421 /* Debug */,
				2AC1FC062162679B0082C421 /* Release */,
			);
			defaultConfigurationIsVisible = 0;
			defaultConfigurationName = Release;
		};
/* End XCConfigurationList section */
	};
	rootObject = 2AC1FBCE216267970082C421 /* Project object */;
}
